{
  "format": "r1_tool_calling_generalization_lock_v1",
  "case_count": 120,
  "case_ids": [
    "gen_001",
    "gen_002",
    "gen_003",
    "gen_004",
    "gen_005",
    "gen_006",
    "gen_007",
    "gen_008",
    "gen_009",
    "gen_010",
    "gen_011",
    "gen_012",
    "gen_013",
    "gen_014",
    "gen_015",
    "gen_016",
    "gen_017",
    "gen_018",
    "gen_019",
    "gen_020",
    "gen_021",
    "gen_022",
    "gen_023",
    "gen_024",
    "gen_025",
    "gen_026",
    "gen_027",
    "gen_028",
    "gen_029",
    "gen_030",
    "gen_031",
    "gen_032",
    "gen_033",
    "gen_034",
    "gen_035",
    "gen_036",
    "gen_037",
    "gen_038",
    "gen_039",
    "gen_040",
    "gen_041",
    "gen_042",
    "gen_043",
    "gen_044",
    "gen_045",
    "gen_046",
    "gen_047",
    "gen_048",
    "gen_049",
    "gen_050",
    "gen_051",
    "gen_052",
    "gen_053",
    "gen_054",
    "gen_055",
    "gen_056",
    "gen_057",
    "gen_058",
    "gen_059",
    "gen_060",
    "gen_061",
    "gen_062",
    "gen_063",
    "gen_064",
    "gen_065",
    "gen_066",
    "gen_067",
    "gen_068",
    "gen_069",
    "gen_070",
    "gen_071",
    "gen_072",
    "gen_073",
    "gen_074",
    "gen_075",
    "gen_076",
    "gen_077",
    "gen_078",
    "gen_079",
    "gen_080",
    "gen_081",
    "gen_082",
    "gen_083",
    "gen_084",
    "gen_085",
    "gen_086",
    "gen_087",
    "gen_088",
    "gen_089",
    "gen_090",
    "gen_091",
    "gen_092",
    "gen_093",
    "gen_094",
    "gen_095",
    "gen_096",
    "gen_097",
    "gen_098",
    "gen_099",
    "gen_100",
    "gen_101",
    "gen_102",
    "gen_103",
    "gen_104",
    "gen_105",
    "gen_106",
    "gen_107",
    "gen_108",
    "gen_109",
    "gen_110",
    "gen_111",
    "gen_112",
    "gen_113",
    "gen_114",
    "gen_115",
    "gen_116",
    "gen_117",
    "gen_118",
    "gen_119",
    "gen_120"
  ],
  "distribution": {
    "no_tool": 24,
    "single_tool": 54,
    "two_tool": 30,
    "three_tool": 12
  },
  "case_files_sha256": {
    "gen_001.json": "b121a9b6443f27dce60931b11b3cd4fc9c2729678d9b5dd1ab95e3ddf3a88d39",
    "gen_002.json": "b504aff48056f56cd90a2e4f7c3d733edd01b550c2d939cf4fdea0ca4ed1c341",
    "gen_003.json": "25dbeed4854b36711579a0f4ff0b5c48dff90943d3d989ed22556bce3db9c6bb",
    "gen_004.json": "74f5760fc3ef18671af8bda9c76d8a11b7a81ebda9a199c7c4eb5fd3e2d4393e",
    "gen_005.json": "8fc87f2d3c5fa059dd92f425a37e8cbbc14ee87416589c8c97ac74496248978d",
    "gen_006.json": "f39b609b37024c3771924614fcfd8132d419d3c8431ee034806e0eba992a2af6",
    "gen_007.json": "361c22c852fd05a42c068f3d7980df39d137ee4f27f429dd98d81a489990ad27",
    "gen_008.json": "b4c46ba9599486055440ba6cb775becffb135ac2ab355b1c6ad79b6af8ab2ab1",
    "gen_009.json": "3a4d9e8b223823662659e791b69cc80e425cb37b52e9a4ede49e85ebb9a35669",
    "gen_010.json": "84bb39b203459f395fc73a249291c475681d4532d6c212df8fc8bb6b655055c3",
    "gen_011.json": "c4dfb66ccb2b58cdbcfe1ec5564a5c60670e1116befeccfb881a9b9d8ff9b6a2",
    "gen_012.json": "e1ce5e6689086df435f15e3c5d520159ea3c8030f67c38a8962a1f279ad7159c",
    "gen_013.json": "6d0a43cf96fcbe115e4c5e7106a3c56a76b80614f6024f46702eb22962821d09",
    "gen_014.json": "81751b204c12cb3d59efed3a1a71d3e42e1cf3d17343331538e6fc4c6b10a6d1",
    "gen_015.json": "a254e61944cbc04f6773a2f7228e2465c32726d9df83b562be40c7acc2af5614",
    "gen_016.json": "c372d86671dcbdb7507658de713fcdce45b3d122a4bab5c336750dfb2435f251",
    "gen_017.json": "078e8d157059eab0fa8d0aa0062ca86d6d645983419945d70be54eedc838405d",
    "gen_018.json": "38b8b70c57b5c3ac96d80761a8da3f294326e9f6722435bef3f1a584d1117baf",
    "gen_019.json": "7c27afbb3c5f67acd7bd3e443b2f276bc8ce947fc732c6b45288a2a5f2558c55",
    "gen_020.json": "9c89e2e7580d5cdf549e2070be733fc4e3fed7bf6224cee29349a9b5515dabee",
    "gen_021.json": "fed346fc751759b628e21aa107de6efb4bc8434bd1d59e49e60e07a568c91db2",
    "gen_022.json": "f2dd9b1bc2d1753295cfe9ba86a64866ac20668390649c89dd59d08500018a6a",
    "gen_023.json": "c4633e813809f04a9caa94f1cb69849986c5140b6a01bc339bf5d59d9846c339",
    "gen_024.json": "09e98ddf972cda848195ff7f066da1b352158cd818aca1c6c7ecf9707bf5f73b",
    "gen_025.json": "88b454cf8350533657549b102b0f3c2fb265901a05c9d144792ea5b0320e1d16",
    "gen_026.json": "6bdbef8e05b054759e0fc84c825885db38a429a07fa78f656a7109000ce890b7",
    "gen_027.json": "4f4cea678a56811ceee67fdda2aaf1dddedc2c5d280aacdff80467de6b3d2415",
    "gen_028.json": "4d36c2c78d03dc0b007bf75765d9838c266326bb8b2a3990789756559a5cba1f",
    "gen_029.json": "5f4a8cfeeecd3467d6785d1494470ca91eb80b2f6760cb80d550ef3be72dbfde",
    "gen_030.json": "a4a02b976bf74e757b5023f0992c4a83b7554b28d0d31a648bf61a9c9a1cf1a3",
    "gen_031.json": "b93660835488a4583f2f463a72d3ac40f01253dc1b9e98cb82ba46c73c39f6c4",
    "gen_032.json": "a40bf1ac72810cc03dbe67b9600ece640bd3e26ac06b0a76a3910bbd48d3b820",
    "gen_033.json": "95c47640f691ae41b178428bbddbda74acba80332a11855d255fa1545f97edaf",
    "gen_034.json": "ed29151d06edb1365ef40f06a563d487db1ef8de3f4e74cb5ba90d315509caa7",
    "gen_035.json": "93a5a8121e1d5675b86680993547306a5910b364cb02c5b1a121b437e98318b8",
    "gen_036.json": "d470d59b563148d99ea00b72412903abeb1269e08ee8ad3b55b322d6ffbe8fc9",
    "gen_037.json": "cb8fa96c1fdefde36fa983edc7fc0c12a103d5b19cae1f3af0518995d3d43061",
    "gen_038.json": "24718941d097893423babdfbd80e19213dbdfb9f50e0ea549aecb9720a3e2899",
    "gen_039.json": "3dd56f8a5d536a8a0d56403be82f82eddbdaccc16cb2967ab022aae067a20c67",
    "gen_040.json": "a3a941b4a80c81e230f328068818dfb3ab686e3006e27af959b7a0b45ceefc76",
    "gen_041.json": "11c5de93c7a117a72fe42a1084170c32b45db031c1b3e46b42d4322a4317145c",
    "gen_042.json": "d4438059525b9774938145ab54871edf086155984f6a12a329c02504a4384bdf",
    "gen_043.json": "b682bc4404645e04df03a47e2b716f4846c5808feb907db7be5381c363281e92",
    "gen_044.json": "7ff2a469e1cd71f4d5e0ffee3ba6890f6677e377c306974ce769e3d1974fae38",
    "gen_045.json": "fee6e285e0e0d00e14b4eeaa4d2c129d73d15314df07c451308ae504b09e14bf",
    "gen_046.json": "12aa17f2a440b42e7e1c702c7d32657c30ee9f8a1e192951a02cd967ff299ac3",
    "gen_047.json": "879c62ed291b6908e3654f4c0d8a6a6a5ab415c903f3a3275e1d6d9bafcbdc02",
    "gen_048.json": "e03217942d0b4dbe84f19b43caa6c06e1974ff4921832b37d60708c6fff1db1f",
    "gen_049.json": "72150f7e5e539c47d28440ef24d2269d10da2e0f3b0b933c4e2b8c1acc898ec6",
    "gen_050.json": "a0810e8f1e11e2d31767040a191e53268b4e1786d7a71d37dfc847c97c502d6e",
    "gen_051.json": "4933222db8381a29a045c2b4ca6a3d4e5586af62ed3e30ad7dd18fb156684f01",
    "gen_052.json": "18247600e9db6e5d4b2604b07aaf276fa51329bf4c0b161c60f29c897d4a8863",
    "gen_053.json": "671f0ff790f5656fcf499ac1339dcb786d1cab0a2369341cc6557b74d0fdbfe3",
    "gen_054.json": "d8ce5078bd814880be9edaaae20eb4cfb73c8f7c6b5912cfa3ff91f309f053f1",
    "gen_055.json": "e42c2447f61032cc8a7f9ffcb2f0ec4647b2a5c948a70bbc012675cf8022ee54",
    "gen_056.json": "13eab758583a263b9a9452ee9737977a9e0ee54ad1a11f401f13a7da6fd40868",
    "gen_057.json": "32064daba53fd84094a05c5dac6502b1791faa458c5ba14fda3306c741bbe7f3",
    "gen_058.json": "b1357678b8f2929a4a81a403f23f6b33b5d2316bbc322303faf0483927cc89bf",
    "gen_059.json": "22e7d55b15723e82ebac6403b8ccb99b616825d50602fca227462abeab8ca992",
    "gen_060.json": "649c408c0763979aabdc97e3971246efe3c2e1ab8c95fb49f9846e9aca9f085c",
    "gen_061.json": "700ea909a82db6176a0ea6a64645be561a9405be616cf209b63a05bc646ae06e",
    "gen_062.json": "7796f9e514d1179293613d0a7b1a164dac73b8b070c17e2eba0cf354466b9e4a",
    "gen_063.json": "7877249b496d6655c43e8509b6950a43274fc01a713fba9b09437e0cb87d91ea",
    "gen_064.json": "e0961ad0e65d927104573f54b516ba98684a4c22d058d6dac337a529954db9d2",
    "gen_065.json": "810be17a0e58272c172cc112467d20b55d34cea8cdd6b0fed06b998a787b77c4",
    "gen_066.json": "d59c4b211b9246e2c048fb9a25caa65c8655f2dcd9a36535ff3121b702ee6a28",
    "gen_067.json": "736dbfe332d0e0056e366284347e14550b4b670b36f223ad2a10c12003ed2415",
    "gen_068.json": "5ca2b133a0b557ed43518ebf70c2cb3428d2507f2b1649fd6fabc127f354afff",
    "gen_069.json": "8628ec2b16f433e7a9aca4dbe57035c8493281e4ea5791a245ced251f3e84972",
    "gen_070.json": "ced5fdb9096ed0ea568f2f0284d4e306a72d77de09880341bc8d2333b9c20f00",
    "gen_071.json": "9bf2d0b6055e4537c52ebd04b33eb05a62e3a8245e9bc06cec61ff97541e7938",
    "gen_072.json": "891516cd9dce8f7c062e35896b9e31b5024e72b3e767bfc419863525c177bdfe",
    "gen_073.json": "4bee4ae49e07eb01ff0a291bdcaac14a5c9fc4cc67994cce7647ec49f9c338a8",
    "gen_074.json": "b30359edb033ce1d47021f56835407125b7343ce9a86ce123820a50531b31442",
    "gen_075.json": "dd6c079d7bb77355b97bf4864154211ebaa50c3c419ed787e8227dd4ef3b11eb",
    "gen_076.json": "676a31fd2595e943655c136881c04109145faef6b0bf1af1d235a7ee0bb970e5",
    "gen_077.json": "13befb9e5470e74338a62b6cb75fef495281ce25cced054e4fe9108c4c69989d",
    "gen_078.json": "398992741c3c63a549efc8ab23201cdf83d806d3b4915b3c91a342cb82f8c450",
    "gen_079.json": "6e7481ec659a3aaf8851549ec635add882515f9113d1e8bb0fb19bda51e543d8",
    "gen_080.json": "f7503128b5a11dae49af261ec01a32a8c262c29da3f02c4a1528e180013046ee",
    "gen_081.json": "fc61aa46b7060523afcf2aeaec187f068821070152a8e78736f30c028e824925",
    "gen_082.json": "a82fc68ec70701793cc3d3685a3898063a06ac86ad7b356bf1fc5a27db790acf",
    "gen_083.json": "5af2a88cb642f51ab41cbb3295d084262d924e01b0900632bc8903f78e67f400",
    "gen_084.json": "c49dc1f1a4ebc4eef0386539e5e2cfaa46aee82c15e0d3dc99295f19ec7ccd30",
    "gen_085.json": "a3c821778a3be1de978b763b39f05639c519a6e8b2f57ff13317b5ffdd9d186e",
    "gen_086.json": "71a3126f3fa62abccb84056914b0090115395b4ea839cdd58bf9f44b4bc9214e",
    "gen_087.json": "14081c45055788e9952889d9b8838229f953da0c8405d5601bf11397baabf5f6",
    "gen_088.json": "0c023696f8fd784df7b5dd4b24be99c6ccb14167b764078853fa8567c8a79a28",
    "gen_089.json": "2b181a1897d95627c4d05b7096ae4f08b9943eacf3d395ee9699c0899033fa8c",
    "gen_090.json": "8fc12f209374eb3493b10554ee800cad9f072c15c7fa427ccce16716139f075b",
    "gen_091.json": "5a268bf768afee7a99fa9335390f48d7f9ab1a465602113f67e7bb4d157244d6",
    "gen_092.json": "3b3fcd224533a2567b20ea13179247851f6fb7208a6f8519af81dfd94b545228",
    "gen_093.json": "89e5d122dd5227574df9053cdb6b85eeda1be15735fc945f9ec473cd8f008c56",
    "gen_094.json": "24984a174b6753793e16428d3796709b9516d6c20b564b538f7c9810dd1c4013",
    "gen_095.json": "b32cba443249c2bb78ee3275c55c4396e8b216e3ff22880b6752661d2974512d",
    "gen_096.json": "e7cd5655dab36e844141452bad406e2d81cf330827d3c9c1bbd1fb49ecc44b40",
    "gen_097.json": "44e6c724016c93075d6b039b45f7fd14a8e9f468af07600f37fcbe8585d12f05",
    "gen_098.json": "294defadf4b76f6b5b434c46cfdbcbff721bfec3159ba95b340b01846597c1af",
    "gen_099.json": "7c98267cf86e9e3701a1dc3072954217203b60dcc45b67557c018caadea5628c",
    "gen_100.json": "f74118f052f16913df0b4118ddec84795905f24418ab494171114af3a4c77d3e",
    "gen_101.json": "1854bb8247aab16c037c9d6d4539059cc8cfb6ee6f541df2e1ddebee74c6d9e2",
    "gen_102.json": "63e08598aa734f00a12fa7a2e82a786d35f5edfd54dc18e496c3ceff7595c203",
    "gen_103.json": "53f2db108eab808c7408accecfceeafad90b81edec5f273dcc483b609d4cc061",
    "gen_104.json": "00dc340dab72d0869b02ce28d1d24447d414891b8b6ca8f312c96f2228ef6b34",
    "gen_105.json": "25e0e3bdeeb9bfab966d5a41642246ae971c37b8283e33977d348dd5e910313a",
    "gen_106.json": "edb6cc80b475bf122850399658fed8b4ff58feccc89bfbf94aa827304adb4961",
    "gen_107.json": "ffe476d9a21ece3476c9dd0722421de7fcf22a8cb4bbb16b49049a91fe926cbb",
    "gen_108.json": "41f7569ace5f228d05c5c25eb2a4b06fd54b7c069f6c7381b28ec4a53101343d",
    "gen_109.json": "9c7d5e47bd8446427df70c75fecd637250efd06798175daffd24eb8f8064c17c",
    "gen_110.json": "3cfc680812fdc8cbdf566d93c27787b416d6b6b35f744ac670ea02b48289a2e2",
    "gen_111.json": "f3e93a78b9954e294ca6158964e5bacc0f55b465c9e3ae992d2a347d447cc3d9",
    "gen_112.json": "c142c6028a55cbb188469eb8d695b524682dd974d381b294de1ac1f4676175eb",
    "gen_113.json": "166f940b55df51dc21571b95967873fe1921e438eb46d9805fec2198d9cc2715",
    "gen_114.json": "f0d93cfd610953b376e4be7f0a11574101906c017f28d497030f7bf753ad8dd6",
    "gen_115.json": "e3b4ffee1f4fc8f2bf4d09a0f38f7a210eb7d1e463e9da3304830072d13dc0a2",
    "gen_116.json": "8833621c3593fa5b1eb0b313b2ad1a317943429dbde527a1d37719dd2c2ca943",
    "gen_117.json": "602aac8d144793f4be69701daeff89f68cb2efebda5f331ba35ed64ca5d1c1ce",
    "gen_118.json": "bd7f1ebc25e50899cebf81eb543068a29afef657b592b56d1eabe6409e4c7e79",
    "gen_119.json": "0d609bf2904a7d5da114de581e015fe4be4463ce0699f013094b2cbf4f26e6c7",
    "gen_120.json": "c957767ca5cf251803528884d45d8ef80a353d120c5b5081d8e7408b02d4d2bf"
  },
  "split_sha256": "87a84a4f958e3c7638f4554f78c8d3f621e7de40796922b858a1d9da4cd6aba7",
  "case_directory_sha256": "741ced85d1d1d5afddc8b435f50bc473f53abe83b64d16f680815f8c1866a611",
  "candidate_path": "evaluation/tool_calling/authoring/generalization_v1/candidates.jsonl",
  "candidate_sha256": "5632d78e27d71279a758e4918f8ab0ac3aa4d12fb036ebb1d8a6f988a5592a77",
  "candidate_content_sha256": "ed738ba3d53cc7b94720f129f563d27aad7b9b36557a47baceb342e13bbb4795",
  "review_file_paths": {
    "reviewer_a.jsonl": "evaluation/tool_calling/authoring/generalization_v1/reviews/reviewer_a.jsonl",
    "reviewer_b.jsonl": "evaluation/tool_calling/authoring/generalization_v1/reviews/reviewer_b.jsonl"
  },
  "review_file_sha256": {
    "reviewer_a.jsonl": "dfae5d09e4cddc0dcd5cda01adbd75a34061c63af4dc9bf381f7132f8f7f02e7",
    "reviewer_b.jsonl": "d07c58d103a894d755312b8b87f17df248367fb896ca43f8a7f31e79647feccc"
  },
  "adjudication_path": "evaluation/tool_calling/authoring/generalization_v1/reviews/adjudication.jsonl",
  "adjudication_sha256": "e3b0c44298fc1c149afbf4c8996fb92427ae41e4649b934ca495991b7852b855",
  "reviewer_ids": [
    "Whats-up-pro",
    "openai-codex-reviewer-b"
  ],
  "review_status": "approved",
  "reviewed_a": 120,
  "reviewed_b": 120,
  "disagreement_case_ids": [],
  "scorer_files": [
    "evaluation/tool_calling/arguments.py",
    "evaluation/tool_calling/matching.py",
    "evaluation/tool_calling/metrics.py",
    "evaluation/tool_calling/models.py"
  ],
  "scorer_file_sha256": {
    "evaluation/tool_calling/arguments.py": "bb8a0c22d9c4b2a419447aa4cdabd180a122e48abb720d7f1983c98574fa8f1f",
    "evaluation/tool_calling/matching.py": "2db0d3344ed7141ad00be39fad394a196acc161fe4d80def8535853e19525c8c",
    "evaluation/tool_calling/metrics.py": "d060de28e858b52ebaa99e4db6c751bddf373b769beaa8dd36bcaf933f89b10a",
    "evaluation/tool_calling/models.py": "93a3a0db8ed57a50cf2628c2904a6803b8c45cff57287a6f043ea58cd1f7ec7f"
  },
  "scorer_sha256": "271aa8ba8b65548f1d17648945ac62cc18b2370fa85c4aa210c155c9154b9149",
  "prompt_sha256": "1761b4eece158409a151136dff293dc2cb629ccaf0055870c4035d936186e837",
  "production_schema_sha256": "aa214e730b1e3eb3ba03fdb08488dcfda4bc33b3c6d4c84700951f87e9c11ff0",
  "hash_canonicalization": "UTF-8 JSON with sorted object keys and compact separators; scorer source line endings normalized to LF",
  "model_calls": 0
}
