{
  "blockers": [
    "No pre-run v2 SERIES.lock or selected dev configuration",
    "Exact implementation CI evidence unavailable before paid attempts; cf46fb4 CI failed",
    "Scripts constructed OpenAI without max_retries=0 or conservative preflight",
    "No response IDs or snapshot/scorer/prompt/config hashes recorded in run reports",
    "v2 actual response model identity absent and intermediate charged usage incomplete"
  ],
  "consumed": true,
  "cost_unknown": true,
  "evidence_commit": "cf46fb4abec295e43a31e9c026e7908e214fe43b",
  "hash_basis": "reports_sha256 hashes Git blob bytes at evidence_commit; Windows checkout digests are recorded separately",
  "known_total_cost_lower_bound_usd": 0.0650815,
  "protocol_eligible": false,
  "reported_frozen_cost_usd": 0.0146075,
  "reports_sha256": {
    "results/evaluation_v1/ctu_network_frozen/baseline_e0/frozen_sql_001.json": "2c1cb51bbc578f6cd432a0c7d40a6519326a8b2fda14a6b36850fb3f14fe1d7d",
    "results/evaluation_v1/ctu_network_frozen/baseline_e0/frozen_sql_002.json": "3878355f4b25f98105f8f9a7411ac063af2dee956b7bd94216dfb9b13e0e38ce",
    "results/evaluation_v1/ctu_network_frozen/baseline_e0/frozen_sql_003.json": "ef961bf0ad047fed4e67a1b10772b67792101a9dc66e3592ca21a01f41ad9ce7",
    "results/evaluation_v1/ctu_network_frozen/baseline_e0/frozen_sql_004.json": "5eadc1a2331c54af0ad7fafc5e64dcc4f02aa2588debc3432d1d695e2f74b870",
    "results/evaluation_v1/ctu_network_frozen/baseline_e0/frozen_sql_005.json": "30567841352025c35346f28c0e96c4bf1ab91af3f603f2ebae669e30fe7e0838",
    "results/evaluation_v1/ctu_network_frozen/baseline_e0/frozen_sql_006.json": "eb9c4215b57c6cd788f425c752d657f8ab3725cd965dfcf9b0802ad11225932b",
    "results/evaluation_v1/ctu_network_frozen/baseline_e0/frozen_sql_007.json": "51056ca6dc570b458706c9a09ec83ec26248a07ece55fecf64b617415e22136d",
    "results/evaluation_v1/ctu_network_frozen/baseline_e0/frozen_sql_008.json": "dbc6e49aab564f790fce101c3e3e51f50aea6f8cd8fe7167e989273bd1aab5c6",
    "results/evaluation_v1/ctu_network_frozen/baseline_e0/report.json": "91c5f50fac696d9067bdc6b347cb942dc05541fd2cfdcf616c416f179e9a4cfc",
    "results/evaluation_v1/ctu_network_frozen/v2_e3/frozen_sql_001.json": "24d0ae8c41978736501850013112759bd0536b11b2cbf1c443e1ddecdfe28ccd",
    "results/evaluation_v1/ctu_network_frozen/v2_e3/frozen_sql_002.json": "94ee7b7cd6deed7d48e221148fca5afd338a1ee689e155923bcf65429fff1ed3",
    "results/evaluation_v1/ctu_network_frozen/v2_e3/frozen_sql_003.json": "d80a3197dd9ccd458fb628ca4627b73d32baefff87ba04a60775f5457906336e",
    "results/evaluation_v1/ctu_network_frozen/v2_e3/frozen_sql_004.json": "7ce3be24b0dc077c905cd65ba8188bca6e3d8a764ce032b2741c6a9503ba5bf4",
    "results/evaluation_v1/ctu_network_frozen/v2_e3/frozen_sql_005.json": "f00a771db9bd5e1872f7dceede054d2846eb18692ca13f951ba2d2a5048453c3",
    "results/evaluation_v1/ctu_network_frozen/v2_e3/frozen_sql_006.json": "177712d6c2c67d23bcfef87f88b478c638ac7313d92f2749c490dc97be9d4c2c",
    "results/evaluation_v1/ctu_network_frozen/v2_e3/frozen_sql_007.json": "2f9ce5233c948f7f62054a2a6be023d1f9ee8c17875802cf415ad3dc4ee0bb0a",
    "results/evaluation_v1/ctu_network_frozen/v2_e3/frozen_sql_008.json": "0ccdf9427a47c50c8a7ba54be1c7149da29bb70ec9f3c985ed5890a52966017b",
    "results/evaluation_v1/ctu_network_frozen/v2_e3/report.json": "46ea0abc01890316bcc06df53f362228a1c8cdef49ae73dd9eed304d368122fc"
  },
  "version": "ctu_frozen_consumption_audit_v1",
  "windows_worktree_reports_sha256": {
    "results/evaluation_v1/ctu_network_frozen/baseline_e0/frozen_sql_001.json": "49057fd21390f991d98a0a84845c8f4ad8cfd3bc0cbc32ff56f3176084bbc425",
    "results/evaluation_v1/ctu_network_frozen/baseline_e0/frozen_sql_002.json": "1ca268cff5bcaa866ad0bb21d4018c7497605d8a48aefc979d31d8b0b8e87dde",
    "results/evaluation_v1/ctu_network_frozen/baseline_e0/frozen_sql_003.json": "08aeb41d83a22a3165ef1ab71222677efad56216f8ceabbe6a69714980127f4c",
    "results/evaluation_v1/ctu_network_frozen/baseline_e0/frozen_sql_004.json": "82f93d44be2c4e5390437e5027947daae70d3046f4e6fc438b8a15f2d7d34a2f",
    "results/evaluation_v1/ctu_network_frozen/baseline_e0/frozen_sql_005.json": "fcd2ec8d3c1efb2044b46eda045ea578ea642525db581a0163300c07777b6a55",
    "results/evaluation_v1/ctu_network_frozen/baseline_e0/frozen_sql_006.json": "8f541e679b6a9711db8ca26d22cbf55e2e4a2a8ef0fc07cf75c4e4613086ebdf",
    "results/evaluation_v1/ctu_network_frozen/baseline_e0/frozen_sql_007.json": "579838bcb1d5027af7b7a183a9ab5e694e7c9445d7a6858d6b492394bc23dacf",
    "results/evaluation_v1/ctu_network_frozen/baseline_e0/frozen_sql_008.json": "847705ae1249722f36fcfa8f771cea7e09df167bcf448226d4ab36572e4cf4e8",
    "results/evaluation_v1/ctu_network_frozen/baseline_e0/report.json": "904880106f5841a6fc0c66d69e6eec5a216c49b15c4849a3efea0328158ad961",
    "results/evaluation_v1/ctu_network_frozen/v2_e3/frozen_sql_001.json": "a3555dc0c4c741c7248f72a215f6cf411ea3b390bfb5e68282156d0b59904ad6",
    "results/evaluation_v1/ctu_network_frozen/v2_e3/frozen_sql_002.json": "05b12f37d69190856ac085d45f4bc87013ef4d72a53a5133553eba18a086088d",
    "results/evaluation_v1/ctu_network_frozen/v2_e3/frozen_sql_003.json": "c5e55329aa2dd6dffa0fa811badc494485f613dae617d04d31d48b44a302ffc5",
    "results/evaluation_v1/ctu_network_frozen/v2_e3/frozen_sql_004.json": "206132e11296528d9b4ed73442b581fe4475ee10e14f1f7d86a2012d6df028dc",
    "results/evaluation_v1/ctu_network_frozen/v2_e3/frozen_sql_005.json": "5feae678298570296789cfadc2a92855b4b60674bf313a6601442311fc91fdff",
    "results/evaluation_v1/ctu_network_frozen/v2_e3/frozen_sql_006.json": "609ebc917d317950c1803984631018c931f31ffaded210c2fd505bd24c47c2a5",
    "results/evaluation_v1/ctu_network_frozen/v2_e3/frozen_sql_007.json": "ff8b3eaee15d5e664553d2846c15b56ce7f115a31f8365dd816bf5f0d3517256",
    "results/evaluation_v1/ctu_network_frozen/v2_e3/frozen_sql_008.json": "00e61d1b11c276c50538d9a87dea256463dab4444dda2f4c808331fa7cb807f2",
    "results/evaluation_v1/ctu_network_frozen/v2_e3/report.json": "6e1cabd81dc0a71e7fe6c06d4ab2a376e421e28b069bc4432f7ab75413ae73e0"
  }
}
